
Microsoft Visual Studio Solution File, Format Version 12.00
# Visual Studio Version 16
VisualStudioVersion = 16.0.31624.102
MinimumVisualStudioVersion = 10.0.40219.1
Project("{FAE04EC0-301F-11D3-BF4B-00C04F79EFBC}") = "SocketServer", "SocketServer\SocketServer.csproj", "{7E23131E-7A72-45AE-A7BB-6F26D77B5921}"
EndProject
Global
	GlobalSection(SolutionConfigurationPlatforms) = preSolution
		Debug|Any CPU = Debug|Any CPU
		Release|Any CPU = Release|Any CPU
	EndGlobalSection
	GlobalSection(ProjectConfigurationPlatforms) = postSolution
		{7E23131E-7A72-45AE-A7BB-6F26D77B5921}.Debug|Any CPU.ActiveCfg = Debug|Any CPU
		{7E23131E-7A72-45AE-A7BB-6F26D77B5921}.Debug|Any CPU.Build.0 = Debug|Any CPU
		{7E23131E-7A72-45AE-A7BB-6F26D77B5921}.Release|Any CPU.ActiveCfg = Release|Any CPU
		{7E23131E-7A72-45AE-A7BB-6F26D77B5921}.Release|Any CPU.Build.0 = Release|Any CPU
	EndGlobalSection
	GlobalSection(SolutionProperties) = preSolution
		HideSolutionNode = FALSE
	EndGlobalSection
	GlobalSection(ExtensibilityGlobals) = postSolution
		SolutionGuid = {9F7FEF93-5D3E-420C-AD89-6A8AFF8B53C5}
	EndGlobalSection
EndGlobal
